// !$*UTF8*$!
{
	archiveVersion = 1;
	classes = {
	};
	objectVersion = 46;
	objects = {

/* Begin PBXBuildFile section */
		320831FC1F311FA300CA675C /* DimEffect.swift in Sources */ = {isa = PBXBuildFile; fileRef = 320831FB1F311FA300CA675C /* DimEffect.swift */; };
		320831FE1F3125B300CA675C /* hideonTAP.swift in Sources */ = {isa = PBXBuildFile; fileRef = 320831FD1F3125B300CA675C /* hideonTAP.swift */; };
		324DF6281F33252A00C1D10B /* GoogleMobileAds.framework in Frameworks */ = {isa = PBXBuildFile; fileRef = 32D771E51F3322D6007A4529 /* GoogleMobileAds.framework */; };
		324DF62A1F3326EA00C1D10B /* GoogleMobileAds.framework in Frameworks */ = {isa = PBXBuildFile; fileRef = 324DF6291F3326EA00C1D10B /* GoogleMobileAds.framework */; };
		324DF6301F33BA6500C1D10B /* DataService.swift in Sources */ = {isa = PBXBuildFile; fileRef = 324DF62F1F33BA6500C1D10B /* DataService.swift */; };
		324DF6351F35084300C1D10B /* Post.swift in Sources */ = {isa = PBXBuildFile; fileRef = 324DF6341F35084300C1D10B /* Post.swift */; };
		32560F291F31D5C6001274F8 /* Constants.swift in Sources */ = {isa = PBXBuildFile; fileRef = 32560F281F31D5C6001274F8 /* Constants.swift */; };
		32560F2B1F31DAA2001274F8 /* FeedVC.swift in Sources */ = {isa = PBXBuildFile; fileRef = 32560F2A1F31DAA2001274F8 /* FeedVC.swift */; };
		32560F2D1F31E2CA001274F8 /* SettingsVC.swift in Sources */ = {isa = PBXBuildFile; fileRef = 32560F2C1F31E2CA001274F8 /* SettingsVC.swift */; };
		32560F2F1F31EA3C001274F8 /* MaterialView.swift in Sources */ = {isa = PBXBuildFile; fileRef = 32560F2E1F31EA3C001274F8 /* MaterialView.swift */; };
		3288C6C51F30E4980040C2C9 /* Righteous.ttf in Resources */ = {isa = PBXBuildFile; fileRef = 3288C6C41F30E4980040C2C9 /* Righteous.ttf */; };
		3288C6C81F30F2B70040C2C9 /* FadeInOut.swift in Sources */ = {isa = PBXBuildFile; fileRef = 3288C6C71F30F2B70040C2C9 /* FadeInOut.swift */; };
		3288C6CC1F30FD600040C2C9 /* DefaultButton.swift in Sources */ = {isa = PBXBuildFile; fileRef = 3288C6CB1F30FD600040C2C9 /* DefaultButton.swift */; };
		32D34B581F2BCCB900CE1F55 /* AppDelegate.swift in Sources */ = {isa = PBXBuildFile; fileRef = 32D34B571F2BCCB900CE1F55 /* AppDelegate.swift */; };
		32D34B5A1F2BCCB900CE1F55 /* LoginVC.swift in Sources */ = {isa = PBXBuildFile; fileRef = 32D34B591F2BCCB900CE1F55 /* LoginVC.swift */; };
		32D34B5D1F2BCCB900CE1F55 /* Main.storyboard in Resources */ = {isa = PBXBuildFile; fileRef = 32D34B5B1F2BCCB900CE1F55 /* Main.storyboard */; };
		32D34B5F1F2BCCB900CE1F55 /* Assets.xcassets in Resources */ = {isa = PBXBuildFile; fileRef = 32D34B5E1F2BCCB900CE1F55 /* Assets.xcassets */; };
		32D34B621F2BCCB900CE1F55 /* LaunchScreen.storyboard in Resources */ = {isa = PBXBuildFile; fileRef = 32D34B601F2BCCB900CE1F55 /* LaunchScreen.storyboard */; };
		32D34B6A1F2BD19600CE1F55 /* GoogleService-Info.plist in Resources */ = {isa = PBXBuildFile; fileRef = 32D34B691F2BD19600CE1F55 /* GoogleService-Info.plist */; };
		32D771E21F326EB5007A4529 /* CircleImage.swift in Sources */ = {isa = PBXBuildFile; fileRef = 32D771E11F326EB5007A4529 /* CircleImage.swift */; };
		32D771E41F327940007A4529 /* PostCell.swift in Sources */ = {isa = PBXBuildFile; fileRef = 32D771E31F327940007A4529 /* PostCell.swift */; };
		32D771E91F3322F5007A4529 /* EventKit.framework in Frameworks */ = {isa = PBXBuildFile; fileRef = 32D771E71F3322F5007A4529 /* EventKit.framework */; };
		32D771EA1F3322F5007A4529 /* EventKitUI.framework in Frameworks */ = {isa = PBXBuildFile; fileRef = 32D771E81F3322F5007A4529 /* EventKitUI.framework */; };
		32D771EC1F3322FD007A4529 /* AVFoundation.framework in Frameworks */ = {isa = PBXBuildFile; fileRef = 32D771EB1F3322FD007A4529 /* AVFoundation.framework */; };
		32D771EE1F332304007A4529 /* AdSupport.framework in Frameworks */ = {isa = PBXBuildFile; fileRef = 32D771ED1F332304007A4529 /* AdSupport.framework */; };
		32D771F01F332310007A4529 /* AudioToolbox.framework in Frameworks */ = {isa = PBXBuildFile; fileRef = 32D771EF1F332310007A4529 /* AudioToolbox.framework */; };
		32D771F41F332324007A4529 /* CoreGraphics.framework in Frameworks */ = {isa = PBXBuildFile; fileRef = 32D771F11F332324007A4529 /* CoreGraphics.framework */; };
		32D771F51F332324007A4529 /* CoreMedia.framework in Frameworks */ = {isa = PBXBuildFile; fileRef = 32D771F21F332324007A4529 /* CoreMedia.framework */; };
		32D771F61F332324007A4529 /* CoreTelephony.framework in Frameworks */ = {isa = PBXBuildFile; fileRef = 32D771F31F332324007A4529 /* CoreTelephony.framework */; };
		32D771F81F33232B007A4529 /* MessageUI.framework in Frameworks */ = {isa = PBXBuildFile; fileRef = 32D771F71F33232B007A4529 /* MessageUI.framework */; };
		32D771FA1F332331007A4529 /* StoreKit.framework in Frameworks */ = {isa = PBXBuildFile; fileRef = 32D771F91F332331007A4529 /* StoreKit.framework */; };
		32D771FC1F332336007A4529 /* SystemConfiguration.framework in Frameworks */ = {isa = PBXBuildFile; fileRef = 32D771FB1F332336007A4529 /* SystemConfiguration.framework */; };
		32F805D61F31011E00BA4CE9 /* DefaultTextFields.swift in Sources */ = {isa = PBXBuildFile; fileRef = 32F805D51F31011E00BA4CE9 /* DefaultTextFields.swift */; };
		E525F11D10BB8176F42F95A6 /* Pods_An_on.framework in Frameworks */ = {isa = PBXBuildFile; fileRef = CDCFA737187D1E1DED958CA2 /* Pods_An_on.framework */; };
/* End PBXBuildFile section */

/* Begin PBXFileReference section */
		320831FB1F311FA300CA675C /* DimEffect.swift */ = {isa = PBXFileReference; fileEncoding = 4; lastKnownFileType = sourcecode.swift; path = DimEffect.swift; sourceTree = "<group>"; };
		320831FD1F3125B300CA675C /* hideonTAP.swift */ = {isa = PBXFileReference; fileEncoding = 4; lastKnownFileType = sourcecode.swift; path = hideonTAP.swift; sourceTree = "<group>"; };
		324DF6291F3326EA00C1D10B /* GoogleMobileAds.framework */ = {isa = PBXFileReference; lastKnownFileType = wrapper.framework; path = GoogleMobileAds.framework; sourceTree = "<group>"; };
		324DF62F1F33BA6500C1D10B /* DataService.swift */ = {isa = PBXFileReference; fileEncoding = 4; lastKnownFileType = sourcecode.swift; path = DataService.swift; sourceTree = "<group>"; };
		324DF6341F35084300C1D10B /* Post.swift */ = {isa = PBXFileReference; fileEncoding = 4; lastKnownFileType = sourcecode.swift; path = Post.swift; sourceTree = "<group>"; };
		32560F281F31D5C6001274F8 /* Constants.swift */ = {isa = PBXFileReference; fileEncoding = 4; lastKnownFileType = sourcecode.swift; path = Constants.swift; sourceTree = "<group>"; };
		32560F2A1F31DAA2001274F8 /* FeedVC.swift */ = {isa = PBXFileReference; fileEncoding = 4; lastKnownFileType = sourcecode.swift; path = FeedVC.swift; sourceTree = "<group>"; };
		32560F2C1F31E2CA001274F8 /* SettingsVC.swift */ = {isa = PBXFileReference; fileEncoding = 4; lastKnownFileType = sourcecode.swift; path = SettingsVC.swift; sourceTree = "<group>"; };
		32560F2E1F31EA3C001274F8 /* MaterialView.swift */ = {isa = PBXFileReference; fileEncoding = 4; lastKnownFileType = sourcecode.swift; path = MaterialView.swift; sourceTree = "<group>"; };
		3288C6C41F30E4980040C2C9 /* Righteous.ttf */ = {isa = PBXFileReference; lastKnownFileType = file; path = Righteous.ttf; sourceTree = "<group>"; };
		3288C6C71F30F2B70040C2C9 /* FadeInOut.swift */ = {isa = PBXFileReference; fileEncoding = 4; lastKnownFileType = sourcecode.swift; path = FadeInOut.swift; sourceTree = "<group>"; };
		3288C6CB1F30FD600040C2C9 /* DefaultButton.swift */ = {isa = PBXFileReference; fileEncoding = 4; lastKnownFileType = sourcecode.swift; path = DefaultButton.swift; sourceTree = "<group>"; };
		32D34B541F2BCCB900CE1F55 /* An•on.app */ = {isa = PBXFileReference; explicitFileType = wrapper.application; includeInIndex = 0; path = "An•on.app"; sourceTree = BUILT_PRODUCTS_DIR; };
		32D34B571F2BCCB900CE1F55 /* AppDelegate.swift */ = {isa = PBXFileReference; lastKnownFileType = sourcecode.swift; path = AppDelegate.swift; sourceTree = "<group>"; };
		32D34B591F2BCCB900CE1F55 /* LoginVC.swift */ = {isa = PBXFileReference; lastKnownFileType = sourcecode.swift; path = LoginVC.swift; sourceTree = "<group>"; };
		32D34B5C1F2BCCB900CE1F55 /* Base */ = {isa = PBXFileReference; lastKnownFileType = file.storyboard; name = Base; path = Base.lproj/Main.storyboard; sourceTree = "<group>"; };
		32D34B5E1F2BCCB900CE1F55 /* Assets.xcassets */ = {isa = PBXFileReference; lastKnownFileType = folder.assetcatalog; path = Assets.xcassets; sourceTree = "<group>"; };
		32D34B611F2BCCB900CE1F55 /* Base */ = {isa = PBXFileReference; lastKnownFileType = file.storyboard; name = Base; path = Base.lproj/LaunchScreen.storyboard; sourceTree = "<group>"; };
		32D34B631F2BCCB900CE1F55 /* Info.plist */ = {isa = PBXFileReference; lastKnownFileType = text.plist.xml; path = Info.plist; sourceTree = "<group>"; };
		32D34B691F2BD19600CE1F55 /* GoogleService-Info.plist */ = {isa = PBXFileReference; fileEncoding = 4; lastKnownFileType = text.plist.xml; path = "GoogleService-Info.plist"; sourceTree = "<group>"; };
		32D771E11F326EB5007A4529 /* CircleImage.swift */ = {isa = PBXFileReference; fileEncoding = 4; lastKnownFileType = sourcecode.swift; path = CircleImage.swift; sourceTree = "<group>"; };
		32D771E31F327940007A4529 /* PostCell.swift */ = {isa = PBXFileReference; fileEncoding = 4; lastKnownFileType = sourcecode.swift; path = PostCell.swift; sourceTree = "<group>"; };
		32D771E51F3322D6007A4529 /* GoogleMobileAds.framework */ = {isa = PBXFileReference; lastKnownFileType = wrapper.framework; name = GoogleMobileAds.framework; path = "../GoogleMobileAdsSdkiOS-7.20.0/GoogleMobileAds.framework"; sourceTree = "<group>"; };
		32D771E71F3322F5007A4529 /* EventKit.framework */ = {isa = PBXFileReference; lastKnownFileType = wrapper.framework; name = EventKit.framework; path = System/Library/Frameworks/EventKit.framework; sourceTree = SDKROOT; };
		32D771E81F3322F5007A4529 /* EventKitUI.framework */ = {isa = PBXFileReference; lastKnownFileType = wrapper.framework; name = EventKitUI.framework; path = System/Library/Frameworks/EventKitUI.framework; sourceTree = SDKROOT; };
		32D771EB1F3322FD007A4529 /* AVFoundation.framework */ = {isa = PBXFileReference; lastKnownFileType = wrapper.framework; name = AVFoundation.framework; path = System/Library/Frameworks/AVFoundation.framework; sourceTree = SDKROOT; };
		32D771ED1F332304007A4529 /* AdSupport.framework */ = {isa = PBXFileReference; lastKnownFileType = wrapper.framework; name = AdSupport.framework; path = System/Library/Frameworks/AdSupport.framework; sourceTree = SDKROOT; };
		32D771EF1F332310007A4529 /* AudioToolbox.framework */ = {isa = PBXFileReference; lastKnownFileType = wrapper.framework; name = AudioToolbox.framework; path = System/Library/Frameworks/AudioToolbox.framework; sourceTree = SDKROOT; };
		32D771F11F332324007A4529 /* CoreGraphics.framework */ = {isa = PBXFileReference; lastKnownFileType = wrapper.framework; name = CoreGraphics.framework; path = System/Library/Frameworks/CoreGraphics.framework; sourceTree = SDKROOT; };
		32D771F21F332324007A4529 /* CoreMedia.framework */ = {isa = PBXFileReference; lastKnownFileType = wrapper.framework; name = CoreMedia.framework; path = System/Library/Frameworks/CoreMedia.framework; sourceTree = SDKROOT; };
		32D771F31F332324007A4529 /* CoreTelephony.framework */ = {isa = PBXFileReference; lastKnownFileType = wrapper.framework; name = CoreTelephony.framework; path = System/Library/Frameworks/CoreTelephony.framework; sourceTree = SDKROOT; };
		32D771F71F33232B007A4529 /* MessageUI.framework */ = {isa = PBXFileReference; lastKnownFileType = wrapper.framework; name = MessageUI.framework; path = System/Library/Frameworks/MessageUI.framework; sourceTree = SDKROOT; };
		32D771F91F332331007A4529 /* StoreKit.framework */ = {isa = PBXFileReference; lastKnownFileType = wrapper.framework; name = StoreKit.framework; path = System/Library/Frameworks/StoreKit.framework; sourceTree = SDKROOT; };
		32D771FB1F332336007A4529 /* SystemConfiguration.framework */ = {isa = PBXFileReference; lastKnownFileType = wrapper.framework; name = SystemConfiguration.framework; path = System/Library/Frameworks/SystemConfiguration.framework; sourceTree = SDKROOT; };
		32F805D51F31011E00BA4CE9 /* DefaultTextFields.swift */ = {isa = PBXFileReference; fileEncoding = 4; lastKnownFileType = sourcecode.swift; path = DefaultTextFields.swift; sourceTree = "<group>"; };
		608ACD6673347AB4F6E0BEB7 /* Pods-An•on.debug.xcconfig */ = {isa = PBXFileReference; includeInIndex = 1; lastKnownFileType = text.xcconfig; name = "Pods-An•on.debug.xcconfig"; path = "Pods/Target Support Files/Pods-An•on/Pods-An•on.debug.xcconfig"; sourceTree = "<group>"; };
		B60D8FE3D52CD38250B1C0F2 /* Pods-An•on.release.xcconfig */ = {isa = PBXFileReference; includeInIndex = 1; lastKnownFileType = text.xcconfig; name = "Pods-An•on.release.xcconfig"; path = "Pods/Target Support Files/Pods-An•on/Pods-An•on.release.xcconfig"; sourceTree = "<group>"; };
		CDCFA737187D1E1DED958CA2 /* Pods_An_on.framework */ = {isa = PBXFileReference; explicitFileType = wrapper.framework; includeInIndex = 0; path = Pods_An_on.framework; sourceTree = BUILT_PRODUCTS_DIR; };
/* End PBXFileReference section */

/* Begin PBXFrameworksBuildPhase section */
		32D34B511F2BCCB900CE1F55 /* Frameworks */ = {
			isa = PBXFrameworksBuildPhase;
			buildActionMask = 2147483647;
			files = (
				324DF6281F33252A00C1D10B /* GoogleMobileAds.framework in Frameworks */,
				32D771FC1F332336007A4529 /* SystemConfiguration.framework in Frameworks */,
				32D771FA1F332331007A4529 /* StoreKit.framework in Frameworks */,
				32D771F81F33232B007A4529 /* MessageUI.framework in Frameworks */,
				32D771F41F332324007A4529 /* CoreGraphics.framework in Frameworks */,
				32D771F51F332324007A4529 /* CoreMedia.framework in Frameworks */,
				32D771F61F332324007A4529 /* CoreTelephony.framework in Frameworks */,
				32D771EC1F3322FD007A4529 /* AVFoundation.framework in Frameworks */,
				32D771F01F332310007A4529 /* AudioToolbox.framework in Frameworks */,
				32D771EE1F332304007A4529 /* AdSupport.framework in Frameworks */,
				32D771E91F3322F5007A4529 /* EventKit.framework in Frameworks */,
				32D771EA1F3322F5007A4529 /* EventKitUI.framework in Frameworks */,
				324DF62A1F3326EA00C1D10B /* GoogleMobileAds.framework in Frameworks */,
				E525F11D10BB8176F42F95A6 /* Pods_An_on.framework in Frameworks */,
			);
			runOnlyForDeploymentPostprocessing = 0;
		};
/* End PBXFrameworksBuildPhase section */

/* Begin PBXGroup section */
		32198FDD1F2E2481000D571D /* Fonts */ = {
			isa = PBXGroup;
			children = (
				3288C6C41F30E4980040C2C9 /* Righteous.ttf */,
			);
			name = Fonts;
			path = ..;
			sourceTree = "<group>";
		};
		324DF62E1F33B9FF00C1D10B /* Services */ = {
			isa = PBXGroup;
			children = (
				324DF62F1F33BA6500C1D10B /* DataService.swift */,
			);
			name = Services;
			sourceTree = "<group>";
		};
		3288C6C61F30F2A00040C2C9 /* Extention */ = {
			isa = PBXGroup;
			children = (
				3288C6C71F30F2B70040C2C9 /* FadeInOut.swift */,
				320831FB1F311FA300CA675C /* DimEffect.swift */,
				320831FD1F3125B300CA675C /* hideonTAP.swift */,
				32560F281F31D5C6001274F8 /* Constants.swift */,
			);
			name = Extention;
			sourceTree = "<group>";
		};
		32D34B4B1F2BCCB900CE1F55 = {
			isa = PBXGroup;
			children = (
				32D34B561F2BCCB900CE1F55 /* An·on */,
				32D34B551F2BCCB900CE1F55 /* Products */,
				809AF775FAC2BED02778A798 /* Pods */,
				65B18D170ADEF75345F87223 /* Frameworks */,
			);
			sourceTree = "<group>";
		};
		32D34B551F2BCCB900CE1F55 /* Products */ = {
			isa = PBXGroup;
			children = (
				32D34B541F2BCCB900CE1F55 /* An•on.app */,
			);
			name = Products;
			sourceTree = "<group>";
		};
		32D34B561F2BCCB900CE1F55 /* An·on */ = {
			isa = PBXGroup;
			children = (
				324DF62E1F33B9FF00C1D10B /* Services */,
				3288C6C61F30F2A00040C2C9 /* Extention */,
				32D34B6D1F2BD54600CE1F55 /* Controller */,
				32D34B6C1F2BD54100CE1F55 /* Model */,
				32D34B6B1F2BD53A00CE1F55 /* View */,
				32D34B571F2BCCB900CE1F55 /* AppDelegate.swift */,
				32D34B5B1F2BCCB900CE1F55 /* Main.storyboard */,
				32D34B5E1F2BCCB900CE1F55 /* Assets.xcassets */,
				32D34B601F2BCCB900CE1F55 /* LaunchScreen.storyboard */,
				32D34B631F2BCCB900CE1F55 /* Info.plist */,
				32D34B691F2BD19600CE1F55 /* GoogleService-Info.plist */,
				324DF6291F3326EA00C1D10B /* GoogleMobileAds.framework */,
				32198FDD1F2E2481000D571D /* Fonts */,
			);
			path = "An·on";
			sourceTree = "<group>";
		};
		32D34B6B1F2BD53A00CE1F55 /* View */ = {
			isa = PBXGroup;
			children = (
				3288C6CB1F30FD600040C2C9 /* DefaultButton.swift */,
				32F805D51F31011E00BA4CE9 /* DefaultTextFields.swift */,
				32560F2E1F31EA3C001274F8 /* MaterialView.swift */,
				32D771E11F326EB5007A4529 /* CircleImage.swift */,
				32D771E31F327940007A4529 /* PostCell.swift */,
			);
			name = View;
			sourceTree = "<group>";
		};
		32D34B6C1F2BD54100CE1F55 /* Model */ = {
			isa = PBXGroup;
			children = (
				324DF6341F35084300C1D10B /* Post.swift */,
			);
			name = Model;
			sourceTree = "<group>";
		};
		32D34B6D1F2BD54600CE1F55 /* Controller */ = {
			isa = PBXGroup;
			children = (
				32D34B591F2BCCB900CE1F55 /* LoginVC.swift */,
				32560F2A1F31DAA2001274F8 /* FeedVC.swift */,
				32560F2C1F31E2CA001274F8 /* SettingsVC.swift */,
			);
			name = Controller;
			sourceTree = "<group>";
		};
		65B18D170ADEF75345F87223 /* Frameworks */ = {
			isa = PBXGroup;
			children = (
				32D771FB1F332336007A4529 /* SystemConfiguration.framework */,
				32D771F91F332331007A4529 /* StoreKit.framework */,
				32D771F71F33232B007A4529 /* MessageUI.framework */,
				32D771F11F332324007A4529 /* CoreGraphics.framework */,
				32D771F21F332324007A4529 /* CoreMedia.framework */,
				32D771F31F332324007A4529 /* CoreTelephony.framework */,
				32D771EF1F332310007A4529 /* AudioToolbox.framework */,
				32D771ED1F332304007A4529 /* AdSupport.framework */,
				32D771EB1F3322FD007A4529 /* AVFoundation.framework */,
				32D771E71F3322F5007A4529 /* EventKit.framework */,
				32D771E81F3322F5007A4529 /* EventKitUI.framework */,
				32D771E51F3322D6007A4529 /* GoogleMobileAds.framework */,
				CDCFA737187D1E1DED958CA2 /* Pods_An_on.framework */,
			);
			name = Frameworks;
			sourceTree = "<group>";
		};
		809AF775FAC2BED02778A798 /* Pods */ = {
			isa = PBXGroup;
			children = (
				608ACD6673347AB4F6E0BEB7 /* Pods-An•on.debug.xcconfig */,
				B60D8FE3D52CD38250B1C0F2 /* Pods-An•on.release.xcconfig */,
			);
			name = Pods;
			sourceTree = "<group>";
		};
/* End PBXGroup section */

/* Begin PBXNativeTarget section */
		32D34B531F2BCCB900CE1F55 /* An•on */ = {
			isa = PBXNativeTarget;
			buildConfigurationList = 32D34B661F2BCCB900CE1F55 /* Build configuration list for PBXNativeTarget "An•on" */;
			buildPhases = (
				E122B4F88946B3C4DFF4D668 /* [CP] Check Pods Manifest.lock */,
				32D34B501F2BCCB900CE1F55 /* Sources */,
				32D34B511F2BCCB900CE1F55 /* Frameworks */,
				32D34B521F2BCCB900CE1F55 /* Resources */,
				4264021AF6343CD92E351E05 /* [CP] Embed Pods Frameworks */,
				EE01F0A405C4CB289671B5D4 /* [CP] Copy Pods Resources */,
			);
			buildRules = (
			);
			dependencies = (
			);
			name = "An•on";
			productName = "An·on";
			productReference = 32D34B541F2BCCB900CE1F55 /* An•on.app */;
			productType = "com.apple.product-type.application";
		};
/* End PBXNativeTarget section */

/* Begin PBXProject section */
		32D34B4C1F2BCCB900CE1F55 /* Project object */ = {
			isa = PBXProject;
			attributes = {
				LastSwiftUpdateCheck = 0830;
				LastUpgradeCheck = 0830;
				ORGANIZATIONNAME = "Daniel Travers";
				TargetAttributes = {
					32D34B531F2BCCB900CE1F55 = {
						CreatedOnToolsVersion = 8.3.3;
						DevelopmentTeam = QMGQR99D5K;
						ProvisioningStyle = Automatic;
					};
				};
			};
			buildConfigurationList = 32D34B4F1F2BCCB900CE1F55 /* Build configuration list for PBXProject "An·on" */;
			compatibilityVersion = "Xcode 3.2";
			developmentRegion = English;
			hasScannedForEncodings = 0;
			knownRegions = (
				en,
				Base,
			);
			mainGroup = 32D34B4B1F2BCCB900CE1F55;
			productRefGroup = 32D34B551F2BCCB900CE1F55 /* Products */;
			projectDirPath = "";
			projectRoot = "";
			targets = (
				32D34B531F2BCCB900CE1F55 /* An•on */,
			);
		};
/* End PBXProject section */

/* Begin PBXResourcesBuildPhase section */
		32D34B521F2BCCB900CE1F55 /* Resources */ = {
			isa = PBXResourcesBuildPhase;
			buildActionMask = 2147483647;
			files = (
				32D34B621F2BCCB900CE1F55 /* LaunchScreen.storyboard in Resources */,
				32D34B6A1F2BD19600CE1F55 /* GoogleService-Info.plist in Resources */,
				3288C6C51F30E4980040C2C9 /* Righteous.ttf in Resources */,
				32D34B5F1F2BCCB900CE1F55 /* Assets.xcassets in Resources */,
				32D34B5D1F2BCCB900CE1F55 /* Main.storyboard in Resources */,
			);
			runOnlyForDeploymentPostprocessing = 0;
		};
/* End PBXResourcesBuildPhase section */

/* Begin PBXShellScriptBuildPhase section */
		4264021AF6343CD92E351E05 /* [CP] Embed Pods Frameworks */ = {
			isa = PBXShellScriptBuildPhase;
			buildActionMask = 2147483647;
			files = (
			);
			inputPaths = (
			);
			name = "[CP] Embed Pods Frameworks";
			outputPaths = (
			);
			runOnlyForDeploymentPostprocessing = 0;
			shellPath = /bin/sh;
			shellScript = "\"${SRCROOT}/Pods/Target Support Files/Pods-An•on/Pods-An•on-frameworks.sh\"\n";
			showEnvVarsInLog = 0;
		};
		E122B4F88946B3C4DFF4D668 /* [CP] Check Pods Manifest.lock */ = {
			isa = PBXShellScriptBuildPhase;
			buildActionMask = 2147483647;
			files = (
			);
			inputPaths = (
			);
			name = "[CP] Check Pods Manifest.lock";
			outputPaths = (
			);
			runOnlyForDeploymentPostprocessing = 0;
			shellPath = /bin/sh;
			shellScript = "diff \"${PODS_PODFILE_DIR_PATH}/Podfile.lock\" \"${PODS_ROOT}/Manifest.lock\" > /dev/null\nif [ $? != 0 ] ; then\n    # print error to STDERR\n    echo \"error: The sandbox is not in sync with the Podfile.lock. Run 'pod install' or update your CocoaPods installation.\" >&2\n    exit 1\nfi\n";
			showEnvVarsInLog = 0;
		};
		EE01F0A405C4CB289671B5D4 /* [CP] Copy Pods Resources */ = {
			isa = PBXShellScriptBuildPhase;
			buildActionMask = 2147483647;
			files = (
			);
			inputPaths = (
			);
			name = "[CP] Copy Pods Resources";
			outputPaths = (
			);
			runOnlyForDeploymentPostprocessing = 0;
			shellPath = /bin/sh;
			shellScript = "\"${SRCROOT}/Pods/Target Support Files/Pods-An•on/Pods-An•on-resources.sh\"\n";
			showEnvVarsInLog = 0;
		};
/* End PBXShellScriptBuildPhase section */

/* Begin PBXSourcesBuildPhase section */
		32D34B501F2BCCB900CE1F55 /* Sources */ = {
			isa = PBXSourcesBuildPhase;
			buildActionMask = 2147483647;
			files = (
				32560F2B1F31DAA2001274F8 /* FeedVC.swift in Sources */,
				324DF6301F33BA6500C1D10B /* DataService.swift in Sources */,
				3288C6CC1F30FD600040C2C9 /* DefaultButton.swift in Sources */,
				32D34B5A1F2BCCB900CE1F55 /* LoginVC.swift in Sources */,
				32D771E21F326EB5007A4529 /* CircleImage.swift in Sources */,
				3288C6C81F30F2B70040C2C9 /* FadeInOut.swift in Sources */,
				32560F2F1F31EA3C001274F8 /* MaterialView.swift in Sources */,
				320831FC1F311FA300CA675C /* DimEffect.swift in Sources */,
				32D771E41F327940007A4529 /* PostCell.swift in Sources */,
				324DF6351F35084300C1D10B /* Post.swift in Sources */,
				32D34B581F2BCCB900CE1F55 /* AppDelegate.swift in Sources */,
				32F805D61F31011E00BA4CE9 /* DefaultTextFields.swift in Sources */,
				320831FE1F3125B300CA675C /* hideonTAP.swift in Sources */,
				32560F291F31D5C6001274F8 /* Constants.swift in Sources */,
				32560F2D1F31E2CA001274F8 /* SettingsVC.swift in Sources */,
			);
			runOnlyForDeploymentPostprocessing = 0;
		};
/* End PBXSourcesBuildPhase section */

/* Begin PBXVariantGroup section */
		32D34B5B1F2BCCB900CE1F55 /* Main.storyboard */ = {
			isa = PBXVariantGroup;
			children = (
				32D34B5C1F2BCCB900CE1F55 /* Base */,
			);
			name = Main.storyboard;
			sourceTree = "<group>";
		};
		32D34B601F2BCCB900CE1F55 /* LaunchScreen.storyboard */ = {
			isa = PBXVariantGroup;
			children = (
				32D34B611F2BCCB900CE1F55 /* Base */,
			);
			name = LaunchScreen.storyboard;
			sourceTree = "<group>";
		};
/* End PBXVariantGroup section */

/* Begin XCBuildConfiguration section */
		32D34B641F2BCCB900CE1F55 /* Debug */ = {
			isa = XCBuildConfiguration;
			buildSettings = {
				ALWAYS_SEARCH_USER_PATHS = NO;
				CLANG_ANALYZER_NONNULL = YES;
				CLANG_ANALYZER_NUMBER_OBJECT_CONVERSION = YES_AGGRESSIVE;
				CLANG_CXX_LANGUAGE_STANDARD = "gnu++0x";
				CLANG_CXX_LIBRARY = "libc++";
				CLANG_ENABLE_MODULES = YES;
				CLANG_ENABLE_OBJC_ARC = YES;
				CLANG_WARN_BOOL_CONVERSION = YES;
				CLANG_WARN_CONSTANT_CONVERSION = YES;
				CLANG_WARN_DIRECT_OBJC_ISA_USAGE = YES_ERROR;
				CLANG_WARN_DOCUMENTATION_COMMENTS = YES;
				CLANG_WARN_EMPTY_BODY = YES;
				CLANG_WARN_ENUM_CONVERSION = YES;
				CLANG_WARN_INFINITE_RECURSION = YES;
				CLANG_WARN_INT_CONVERSION = YES;
				CLANG_WARN_OBJC_ROOT_CLASS = YES_ERROR;
				CLANG_WARN_SUSPICIOUS_MOVE = YES;
				CLANG_WARN_UNREACHABLE_CODE = YES;
				CLANG_WARN__DUPLICATE_METHOD_MATCH = YES;
				"CODE_SIGN_IDENTITY[sdk=iphoneos*]" = "iPhone Developer";
				COPY_PHASE_STRIP = NO;
				DEBUG_INFORMATION_FORMAT = dwarf;
				ENABLE_STRICT_OBJC_MSGSEND = YES;
				ENABLE_TESTABILITY = YES;
				GCC_C_LANGUAGE_STANDARD = gnu99;
				GCC_DYNAMIC_NO_PIC = NO;
				GCC_NO_COMMON_BLOCKS = YES;
				GCC_OPTIMIZATION_LEVEL = 0;
				GCC_PREPROCESSOR_DEFINITIONS = (
					"DEBUG=1",
					"$(inherited)",
				);
				GCC_WARN_64_TO_32_BIT_CONVERSION = YES;
				GCC_WARN_ABOUT_RETURN_TYPE = YES_ERROR;
				GCC_WARN_UNDECLARED_SELECTOR = YES;
				GCC_WARN_UNINITIALIZED_AUTOS = YES_AGGRESSIVE;
				GCC_WARN_UNUSED_FUNCTION = YES;
				GCC_WARN_UNUSED_VARIABLE = YES;
				IPHONEOS_DEPLOYMENT_TARGET = 10.3;
				MTL_ENABLE_DEBUG_INFO = YES;
				ONLY_ACTIVE_ARCH = YES;
				SDKROOT = iphoneos;
				SWIFT_ACTIVE_COMPILATION_CONDITIONS = DEBUG;
				SWIFT_OPTIMIZATION_LEVEL = "-Onone";
			};
			name = Debug;
		};
		32D34B651F2BCCB900CE1F55 /* Release */ = {
			isa = XCBuildConfiguration;
			buildSettings = {
				ALWAYS_SEARCH_USER_PATHS = NO;
				CLANG_ANALYZER_NONNULL = YES;
				CLANG_ANALYZER_NUMBER_OBJECT_CONVERSION = YES_AGGRESSIVE;
				CLANG_CXX_LANGUAGE_STANDARD = "gnu++0x";
				CLANG_CXX_LIBRARY = "libc++";
				CLANG_ENABLE_MODULES = YES;
				CLANG_ENABLE_OBJC_ARC = YES;
				CLANG_WARN_BOOL_CONVERSION = YES;
				CLANG_WARN_CONSTANT_CONVERSION = YES;
				CLANG_WARN_DIRECT_OBJC_ISA_USAGE = YES_ERROR;
				CLANG_WARN_DOCUMENTATION_COMMENTS = YES;
				CLANG_WARN_EMPTY_BODY = YES;
				CLANG_WARN_ENUM_CONVERSION = YES;
				CLANG_WARN_INFINITE_RECURSION = YES;
				CLANG_WARN_INT_CONVERSION = YES;
				CLANG_WARN_OBJC_ROOT_CLASS = YES_ERROR;
				CLANG_WARN_SUSPICIOUS_MOVE = YES;
				CLANG_WARN_UNREACHABLE_CODE = YES;
				CLANG_WARN__DUPLICATE_METHOD_MATCH = YES;
				"CODE_SIGN_IDENTITY[sdk=iphoneos*]" = "iPhone Developer";
				COPY_PHASE_STRIP = NO;
				DEBUG_INFORMATION_FORMAT = "dwarf-with-dsym";
				ENABLE_NS_ASSERTIONS = NO;
				ENABLE_STRICT_OBJC_MSGSEND = YES;
				GCC_C_LANGUAGE_STANDARD = gnu99;
				GCC_NO_COMMON_BLOCKS = YES;
				GCC_WARN_64_TO_32_BIT_CONVERSION = YES;
				GCC_WARN_ABOUT_RETURN_TYPE = YES_ERROR;
				GCC_WARN_UNDECLARED_SELECTOR = YES;
				GCC_WARN_UNINITIALIZED_AUTOS = YES_AGGRESSIVE;
				GCC_WARN_UNUSED_FUNCTION = YES;
				GCC_WARN_UNUSED_VARIABLE = YES;
				IPHONEOS_DEPLOYMENT_TARGET = 10.3;
				MTL_ENABLE_DEBUG_INFO = NO;
				SDKROOT = iphoneos;
				SWIFT_OPTIMIZATION_LEVEL = "-Owholemodule";
				VALIDATE_PRODUCT = YES;
			};
			name = Release;
		};
		32D34B671F2BCCB900CE1F55 /* Debug */ = {
			isa = XCBuildConfiguration;
			baseConfigurationReference = 608ACD6673347AB4F6E0BEB7 /* Pods-An•on.debug.xcconfig */;
			buildSettings = {
				ASSETCATALOG_COMPILER_APPICON_NAME = AppIcon;
				DEVELOPMENT_TEAM = QMGQR99D5K;
				ENABLE_BITCODE = NO;
				FRAMEWORK_SEARCH_PATHS = (
					"$(inherited)",
					"$(PROJECT_DIR)/An·on",
				);
				INFOPLIST_FILE = "An·on/Info.plist";
				IPHONEOS_DEPLOYMENT_TARGET = 10.3;
				LD_RUNPATH_SEARCH_PATHS = "$(inherited) @executable_path/Frameworks";
				PRODUCT_BUNDLE_IDENTIFIER = "com.DanielJacob.An-on";
				PRODUCT_NAME = "$(TARGET_NAME)";
				SWIFT_VERSION = 3.0;
			};
			name = Debug;
		};
		32D34B681F2BCCB900CE1F55 /* Release */ = {
			isa = XCBuildConfiguration;
			baseConfigurationReference = B60D8FE3D52CD38250B1C0F2 /* Pods-An•on.release.xcconfig */;
			buildSettings = {
				ASSETCATALOG_COMPILER_APPICON_NAME = AppIcon;
				DEVELOPMENT_TEAM = QMGQR99D5K;
				ENABLE_BITCODE = NO;
				FRAMEWORK_SEARCH_PATHS = (
					"$(inherited)",
					"$(PROJECT_DIR)/An·on",
				);
				INFOPLIST_FILE = "An·on/Info.plist";
				IPHONEOS_DEPLOYMENT_TARGET = 10.3;
				LD_RUNPATH_SEARCH_PATHS = "$(inherited) @executable_path/Frameworks";
				PRODUCT_BUNDLE_IDENTIFIER = "com.DanielJacob.An-on";
				PRODUCT_NAME = "$(TARGET_NAME)";
				SWIFT_VERSION = 3.0;
			};
			name = Release;
		};
/* End XCBuildConfiguration section */

/* Begin XCConfigurationList section */
		32D34B4F1F2BCCB900CE1F55 /* Build configuration list for PBXProject "An·on" */ = {
			isa = XCConfigurationList;
			buildConfigurations = (
				32D34B641F2BCCB900CE1F55 /* Debug */,
				32D34B651F2BCCB900CE1F55 /* Release */,
			);
			defaultConfigurationIsVisible = 0;
			defaultConfigurationName = Release;
		};
		32D34B661F2BCCB900CE1F55 /* Build configuration list for PBXNativeTarget "An•on" */ = {
			isa = XCConfigurationList;
			buildConfigurations = (
				32D34B671F2BCCB900CE1F55 /* Debug */,
				32D34B681F2BCCB900CE1F55 /* Release */,
			);
			defaultConfigurationIsVisible = 0;
			defaultConfigurationName = Release;
		};
/* End XCConfigurationList section */
	};
	rootObject = 32D34B4C1F2BCCB900CE1F55 /* Project object */;
}
